// !$*UTF8*$!
{
	archiveVersion = 1;
	classes = {
	};
	objectVersion = 77;
	objects = {

/* Begin PBXContainerItemProxy section */
		EA0000000000000000000C01 /* PBXContainerItemProxy */ = {
			isa = PBXContainerItemProxy;
			containerPortal = EA0000000000000000000001 /* Project object */;
			proxyType = 1;
			remoteGlobalIDString = EA0000000000000000000101;
			remoteInfo = PickerControl;
		};
/* End PBXContainerItemProxy section */

/* Begin PBXFileReference section */
		EA0000000000000000000F01 /* PickerControl.app */ = {isa = PBXFileReference; explicitFileType = wrapper.application; includeInIndex = 0; path = PickerControl.app; sourceTree = BUILT_PRODUCTS_DIR; };
		EA0000000000000000000F02 /* PickerControlUITests.xctest */ = {isa = PBXFileReference; explicitFileType = wrapper.cfbundle; includeInIndex = 0; path = PickerControlUITests.xctest; sourceTree = BUILT_PRODUCTS_DIR; };
/* End PBXFileReference section */

/* Begin PBXFileSystemSynchronizedRootGroup section */
		EA0000000000000000000A01 /* PickerControl */ = {
			isa = PBXFileSystemSynchronizedRootGroup;
			path = PickerControl;
			sourceTree = "<group>";
		};
		EA0000000000000000000A02 /* PickerControlUITests */ = {
			isa = PBXFileSystemSynchronizedRootGroup;
			path = PickerControlUITests;
			sourceTree = "<group>";
		};
/* End PBXFileSystemSynchronizedRootGroup section */

/* Begin PBXFrameworksBuildPhase section */
		EA0000000000000000000202 /* Frameworks */ = {
			isa = PBXFrameworksBuildPhase;
			buildActionMask = 2147483647;
			files = (
			);
			runOnlyForDeploymentPostprocessing = 0;
		};
		EA0000000000000000000212 /* Frameworks */ = {
			isa = PBXFrameworksBuildPhase;
			buildActionMask = 2147483647;
			files = (
			);
			runOnlyForDeploymentPostprocessing = 0;
		};
/* End PBXFrameworksBuildPhase section */

/* Begin PBXGroup section */
		EA0000000000000000000901 = {
			isa = PBXGroup;
			children = (
				EA0000000000000000000A01 /* PickerControl */,
				EA0000000000000000000A02 /* PickerControlUITests */,
				EA0000000000000000000902 /* Products */,
			);
			sourceTree = "<group>";
		};
		EA0000000000000000000902 /* Products */ = {
			isa = PBXGroup;
			children = (
				EA0000000000000000000F01 /* PickerControl.app */,
				EA0000000000000000000F02 /* PickerControlUITests.xctest */,
			);
			name = Products;
			sourceTree = "<group>";
		};
/* End PBXGroup section */

/* Begin PBXNativeTarget section */
		EA0000000000000000000101 /* PickerControl */ = {
			isa = PBXNativeTarget;
			buildConfigurationList = EA0000000000000000000802 /* Build configuration list for PBXNativeTarget "PickerControl" */;
			buildPhases = (
				EA0000000000000000000201 /* Sources */,
				EA0000000000000000000202 /* Frameworks */,
				EA0000000000000000000203 /* Resources */,
			);
			buildRules = (
			);
			dependencies = (
			);
			fileSystemSynchronizedGroups = (
				EA0000000000000000000A01 /* PickerControl */,
			);
			name = PickerControl;
			productName = PickerControl;
			productReference = EA0000000000000000000F01 /* PickerControl.app */;
			productType = "com.apple.product-type.application";
		};
		EA0000000000000000000102 /* PickerControlUITests */ = {
			isa = PBXNativeTarget;
			buildConfigurationList = EA0000000000000000000803 /* Build configuration list for PBXNativeTarget "PickerControlUITests" */;
			buildPhases = (
				EA0000000000000000000211 /* Sources */,
				EA0000000000000000000212 /* Frameworks */,
				EA0000000000000000000213 /* Resources */,
			);
			buildRules = (
			);
			dependencies = (
				EA0000000000000000000C02 /* PBXTargetDependency */,
			);
			fileSystemSynchronizedGroups = (
				EA0000000000000000000A02 /* PickerControlUITests */,
			);
			name = PickerControlUITests;
			productName = PickerControlUITests;
			productReference = EA0000000000000000000F02 /* PickerControlUITests.xctest */;
			productType = "com.apple.product-type.bundle.ui-testing";
		};
/* End PBXNativeTarget section */

/* Begin PBXProject section */
		EA0000000000000000000001 /* Project object */ = {
			isa = PBXProject;
			attributes = {
				BuildIndependentTargetsInParallel = 1;
				LastSwiftUpdateCheck = 2600;
				LastUpgradeCheck = 2600;
				TargetAttributes = {
					EA0000000000000000000101 = {
						CreatedOnToolsVersion = 26.0;
					};
					EA0000000000000000000102 = {
						CreatedOnToolsVersion = 26.0;
						TestTargetID = EA0000000000000000000101;
					};
				};
			};
			buildConfigurationList = EA0000000000000000000801 /* Build configuration list for PBXProject "PickerControl" */;
			developmentRegion = en;
			hasScannedForEncodings = 0;
			knownRegions = (
				en,
				Base,
			);
			mainGroup = EA0000000000000000000901;
			minimizedProjectReferenceProxies = 1;
			preferredProjectObjectVersion = 77;
			productRefGroup = EA0000000000000000000902 /* Products */;
			projectDirPath = "";
			projectRoot = "";
			targets = (
				EA0000000000000000000101 /* PickerControl */,
				EA0000000000000000000102 /* PickerControlUITests */,
			);
		};
/* End PBXProject section */

/* Begin PBXResourcesBuildPhase section */
		EA0000000000000000000203 /* Resources */ = {
			isa = PBXResourcesBuildPhase;
			buildActionMask = 2147483647;
			files = (
			);
			runOnlyForDeploymentPostprocessing = 0;
		};
		EA0000000000000000000213 /* Resources */ = {
			isa = PBXResourcesBuildPhase;
			buildActionMask = 2147483647;
			files = (
			);
			runOnlyForDeploymentPostprocessing = 0;
		};
/* End PBXResourcesBuildPhase section */

/* Begin PBXSourcesBuildPhase section */
		EA0000000000000000000201 /* Sources */ = {
			isa = PBXSourcesBuildPhase;
			buildActionMask = 2147483647;
			files = (
			);
			runOnlyForDeploymentPostprocessing = 0;
		};
		EA0000000000000000000211 /* Sources */ = {
			isa = PBXSourcesBuildPhase;
			buildActionMask = 2147483647;
			files = (
			);
			runOnlyForDeploymentPostprocessing = 0;
		};
/* End PBXSourcesBuildPhase section */

/* Begin PBXTargetDependency section */
		EA0000000000000000000C02 /* PBXTargetDependency */ = {
			isa = PBXTargetDependency;
			target = EA0000000000000000000101 /* PickerControl */;
			targetProxy = EA0000000000000000000C01 /* PBXContainerItemProxy */;
		};
/* End PBXTargetDependency section */

/* Begin XCBuildConfiguration section */
		EA0000000000000000000701 /* Debug */ = {
			isa = XCBuildConfiguration;
			buildSettings = {
				ALWAYS_SEARCH_USER_PATHS = NO;
				CLANG_ENABLE_MODULES = YES;
				CLANG_ENABLE_OBJC_ARC = YES;
				DEBUG_INFORMATION_FORMAT = dwarf;
				ENABLE_STRICT_OBJC_MSGSEND = YES;
				ENABLE_TESTABILITY = YES;
				ENABLE_USER_SCRIPT_SANDBOXING = YES;
				GCC_OPTIMIZATION_LEVEL = 0;
				IPHONEOS_DEPLOYMENT_TARGET = 26.0;
				LOCALIZATION_PREFERS_STRING_CATALOGS = YES;
				MTL_ENABLE_DEBUG_INFO = INCLUDE_SOURCE;
				ONLY_ACTIVE_ARCH = YES;
				SDKROOT = iphoneos;
				SWIFT_ACTIVE_COMPILATION_CONDITIONS = "DEBUG $(inherited)";
				SWIFT_OPTIMIZATION_LEVEL = "-Onone";
				SWIFT_VERSION = 6.0;
				TARGETED_DEVICE_FAMILY = "1,2";
			};
			name = Debug;
		};
		EA0000000000000000000702 /* Release */ = {
			isa = XCBuildConfiguration;
			buildSettings = {
				ALWAYS_SEARCH_USER_PATHS = NO;
				CLANG_ENABLE_MODULES = YES;
				CLANG_ENABLE_OBJC_ARC = YES;
				DEBUG_INFORMATION_FORMAT = "dwarf-with-dsym";
				ENABLE_NS_ASSERTIONS = NO;
				ENABLE_STRICT_OBJC_MSGSEND = YES;
				ENABLE_USER_SCRIPT_SANDBOXING = YES;
				IPHONEOS_DEPLOYMENT_TARGET = 26.0;
				LOCALIZATION_PREFERS_STRING_CATALOGS = YES;
				MTL_ENABLE_DEBUG_INFO = NO;
				SDKROOT = iphoneos;
				SWIFT_COMPILATION_MODE = wholemodule;
				SWIFT_OPTIMIZATION_LEVEL = "-O";
				SWIFT_VERSION = 6.0;
				TARGETED_DEVICE_FAMILY = "1,2";
				VALIDATE_PRODUCT = YES;
			};
			name = Release;
		};
		EA0000000000000000000711 /* Debug */ = {
			isa = XCBuildConfiguration;
			buildSettings = {
								CODE_SIGN_STYLE = Automatic;
				CURRENT_PROJECT_VERSION = 1;
				ENABLE_PREVIEWS = YES;
				GENERATE_INFOPLIST_FILE = YES;
				INFOPLIST_KEY_UILaunchScreen_Generation = YES;
				LD_RUNPATH_SEARCH_PATHS = (
					"$(inherited)",
					"@executable_path/Frameworks",
				);
				MARKETING_VERSION = 2.0;
				PRODUCT_BUNDLE_IDENTIFIER = com.aeon.pickercontrol;
				PRODUCT_NAME = "$(TARGET_NAME)";
				SUPPORTED_PLATFORMS = "iphoneos iphonesimulator";
				SUPPORTS_MACCATALYST = NO;
				SWIFT_EMIT_LOC_STRINGS = YES;
				TARGETED_DEVICE_FAMILY = "1,2";
			};
			name = Debug;
		};
		EA0000000000000000000712 /* Release */ = {
			isa = XCBuildConfiguration;
			buildSettings = {
								CODE_SIGN_STYLE = Automatic;
				CURRENT_PROJECT_VERSION = 1;
				ENABLE_PREVIEWS = YES;
				GENERATE_INFOPLIST_FILE = YES;
				INFOPLIST_KEY_UILaunchScreen_Generation = YES;
				LD_RUNPATH_SEARCH_PATHS = (
					"$(inherited)",
					"@executable_path/Frameworks",
				);
				MARKETING_VERSION = 2.0;
				PRODUCT_BUNDLE_IDENTIFIER = com.aeon.pickercontrol;
				PRODUCT_NAME = "$(TARGET_NAME)";
				SUPPORTED_PLATFORMS = "iphoneos iphonesimulator";
				SUPPORTS_MACCATALYST = NO;
				SWIFT_EMIT_LOC_STRINGS = YES;
				TARGETED_DEVICE_FAMILY = "1,2";
			};
			name = Release;
		};
		EA0000000000000000000721 /* Debug */ = {
			isa = XCBuildConfiguration;
			buildSettings = {
				CODE_SIGN_STYLE = Automatic;
				CURRENT_PROJECT_VERSION = 1;
				GENERATE_INFOPLIST_FILE = YES;
				MARKETING_VERSION = 2.0;
				PRODUCT_BUNDLE_IDENTIFIER = com.aeon.pickercontrol.uitests;
				PRODUCT_NAME = "$(TARGET_NAME)";
				SWIFT_EMIT_LOC_STRINGS = NO;
				TARGETED_DEVICE_FAMILY = "1,2";
				TEST_TARGET_NAME = PickerControl;
			};
			name = Debug;
		};
		EA0000000000000000000722 /* Release */ = {
			isa = XCBuildConfiguration;
			buildSettings = {
				CODE_SIGN_STYLE = Automatic;
				CURRENT_PROJECT_VERSION = 1;
				GENERATE_INFOPLIST_FILE = YES;
				MARKETING_VERSION = 2.0;
				PRODUCT_BUNDLE_IDENTIFIER = com.aeon.pickercontrol.uitests;
				PRODUCT_NAME = "$(TARGET_NAME)";
				SWIFT_EMIT_LOC_STRINGS = NO;
				TARGETED_DEVICE_FAMILY = "1,2";
				TEST_TARGET_NAME = PickerControl;
			};
			name = Release;
		};
/* End XCBuildConfiguration section */

/* Begin XCConfigurationList section */
		EA0000000000000000000801 /* Build configuration list for PBXProject "PickerControl" */ = {
			isa = XCConfigurationList;
			buildConfigurations = (
				EA0000000000000000000701 /* Debug */,
				EA0000000000000000000702 /* Release */,
			);
			defaultConfigurationIsVisible = 0;
			defaultConfigurationName = Release;
		};
		EA0000000000000000000802 /* Build configuration list for PBXNativeTarget "PickerControl" */ = {
			isa = XCConfigurationList;
			buildConfigurations = (
				EA0000000000000000000711 /* Debug */,
				EA0000000000000000000712 /* Release */,
			);
			defaultConfigurationIsVisible = 0;
			defaultConfigurationName = Release;
		};
		EA0000000000000000000803 /* Build configuration list for PBXNativeTarget "PickerControlUITests" */ = {
			isa = XCConfigurationList;
			buildConfigurations = (
				EA0000000000000000000721 /* Debug */,
				EA0000000000000000000722 /* Release */,
			);
			defaultConfigurationIsVisible = 0;
			defaultConfigurationName = Release;
		};
/* End XCConfigurationList section */

	};
	rootObject = EA0000000000000000000001 /* Project object */;
}
